
Microsoft Visual Studio Solution File, Format Version 12.00
# Visual Studio Version 17
VisualStudioVersion = 17.13.35825.156 d17.13
MinimumVisualStudioVersion = 10.0.40219.1
Project("{FAE04EC0-301F-11D3-BF4B-00C04F79EFBC}") = "CAPA DISEÑO", "CAPA DISEÑO\CAPA DISEÑO.csproj", "{7D218367-E9A5-44F2-B366-D12029473E0A}"
EndProject
Project("{FAE04EC0-301F-11D3-BF4B-00C04F79EFBC}") = "CAPA DATOS", "CAPA DATOS\CAPA DATOS.csproj", "{CC86EE71-5819-4D26-A18F-769B6D7BD9B9}"
EndProject
Global
	GlobalSection(SolutionConfigurationPlatforms) = preSolution
		Debug|Any CPU = Debug|Any CPU
		Release|Any CPU = Release|Any CPU
	EndGlobalSection
	GlobalSection(ProjectConfigurationPlatforms) = postSolution
		{7D218367-E9A5-44F2-B366-D12029473E0A}.Debug|Any CPU.ActiveCfg = Debug|Any CPU
		{7D218367-E9A5-44F2-B366-D12029473E0A}.Debug|Any CPU.Build.0 = Debug|Any CPU
		{7D218367-E9A5-44F2-B366-D12029473E0A}.Release|Any CPU.ActiveCfg = Release|Any CPU
		{7D218367-E9A5-44F2-B366-D12029473E0A}.Release|Any CPU.Build.0 = Release|Any CPU
		{CC86EE71-5819-4D26-A18F-769B6D7BD9B9}.Debug|Any CPU.ActiveCfg = Debug|Any CPU
		{CC86EE71-5819-4D26-A18F-769B6D7BD9B9}.Debug|Any CPU.Build.0 = Debug|Any CPU
		{CC86EE71-5819-4D26-A18F-769B6D7BD9B9}.Release|Any CPU.ActiveCfg = Release|Any CPU
		{CC86EE71-5819-4D26-A18F-769B6D7BD9B9}.Release|Any CPU.Build.0 = Release|Any CPU
	EndGlobalSection
	GlobalSection(SolutionProperties) = preSolution
		HideSolutionNode = FALSE
	EndGlobalSection
	GlobalSection(ExtensibilityGlobals) = postSolution
		SolutionGuid = {5294D2D0-3BBB-4E26-8E2E-99210B904952}
	EndGlobalSection
EndGlobal
